{
  "nodes": {
    "nixpkgs": {
      "locked": {
        "lastModified": 1665086355,
        "narHash": "sha256-7oJOPqxfQauHcaV8igA+bbMhtHsH5tIRYvKP0B/A4qo=",
        "owner": "NixOS",
        "repo": "nixpkgs",
        "rev": "ca025d52b5b4e14f6d927250536c718d2e7ad308",
        "type": "github"
      },
      "original": {
        "id": "nixpkgs",
        "type": "indirect"
      }
    },
    "root": {
      "inputs": {
        "nixpkgs": "nixpkgs"
      }
    }
  },
  "root": "root",
  "version": 7
}
